// !$*UTF8*$!
{
	archiveVersion = 1;
	classes = {
	};
	objectVersion = 48;
	objects = {

/* Begin PBXBuildFile section */
		074488F7207A239800D84222 /* ButtonCollectionViewCell.swift in Sources */ = {isa = PBXBuildFile; fileRef = 074488F6207A239800D84222 /* ButtonCollectionViewCell.swift */; };
		07E91D2B207A0FF90080F1D4 /* AppDelegate.swift in Sources */ = {isa = PBXBuildFile; fileRef = 07E91D2A207A0FF90080F1D4 /* AppDelegate.swift */; };
		07E91D2D207A0FF90080F1D4 /* ViewController.swift in Sources */ = {isa = PBXBuildFile; fileRef = 07E91D2C207A0FF90080F1D4 /* ViewController.swift */; };
		07E91D30207A0FF90080F1D4 /* Main.storyboard in Resources */ = {isa = PBXBuildFile; fileRef = 07E91D2E207A0FF90080F1D4 /* Main.storyboard */; };
		07E91D32207A0FF90080F1D4 /* Assets.xcassets in Resources */ = {isa = PBXBuildFile; fileRef = 07E91D31207A0FF90080F1D4 /* Assets.xcassets */; };
		07E91D35207A0FF90080F1D4 /* LaunchScreen.storyboard in Resources */ = {isa = PBXBuildFile; fileRef = 07E91D33207A0FF90080F1D4 /* LaunchScreen.storyboard */; };
		07F28E71207A2981007A1EAD /* PageViewController.swift in Sources */ = {isa = PBXBuildFile; fileRef = 07F28E70207A2981007A1EAD /* PageViewController.swift */; };
		07F28E73207A43EE007A1EAD /* ReadingsViewController.swift in Sources */ = {isa = PBXBuildFile; fileRef = 07F28E72207A43EE007A1EAD /* ReadingsViewController.swift */; };
		07F28E75207A546B007A1EAD /* ReadingsTableViewCell.swift in Sources */ = {isa = PBXBuildFile; fileRef = 07F28E74207A546B007A1EAD /* ReadingsTableViewCell.swift */; };
		07F28E77207A6978007A1EAD /* StatViewController.swift in Sources */ = {isa = PBXBuildFile; fileRef = 07F28E76207A6978007A1EAD /* StatViewController.swift */; };
		07F28E79207A6DE7007A1EAD /* GoogleService-Info.plist in Resources */ = {isa = PBXBuildFile; fileRef = 07F28E78207A6DE6007A1EAD /* GoogleService-Info.plist */; };
		6C3E89E546A5A21C1D10EDF9 /* Pods_Roots.framework in Frameworks */ = {isa = PBXBuildFile; fileRef = C9B8C32795E29C85256114B4 /* Pods_Roots.framework */; };
/* End PBXBuildFile section */

/* Begin PBXFileReference section */
		074488F6207A239800D84222 /* ButtonCollectionViewCell.swift */ = {isa = PBXFileReference; lastKnownFileType = sourcecode.swift; path = ButtonCollectionViewCell.swift; sourceTree = "<group>"; };
		07E91D27207A0FF90080F1D4 /* Roots.app */ = {isa = PBXFileReference; explicitFileType = wrapper.application; includeInIndex = 0; path = Roots.app; sourceTree = BUILT_PRODUCTS_DIR; };
		07E91D2A207A0FF90080F1D4 /* AppDelegate.swift */ = {isa = PBXFileReference; lastKnownFileType = sourcecode.swift; path = AppDelegate.swift; sourceTree = "<group>"; };
		07E91D2C207A0FF90080F1D4 /* ViewController.swift */ = {isa = PBXFileReference; lastKnownFileType = sourcecode.swift; path = ViewController.swift; sourceTree = "<group>"; };
		07E91D2F207A0FF90080F1D4 /* Base */ = {isa = PBXFileReference; lastKnownFileType = file.storyboard; name = Base; path = Base.lproj/Main.storyboard; sourceTree = "<group>"; };
		07E91D31207A0FF90080F1D4 /* Assets.xcassets */ = {isa = PBXFileReference; lastKnownFileType = folder.assetcatalog; path = Assets.xcassets; sourceTree = "<group>"; };
		07E91D34207A0FF90080F1D4 /* Base */ = {isa = PBXFileReference; lastKnownFileType = file.storyboard; name = Base; path = Base.lproj/LaunchScreen.storyboard; sourceTree = "<group>"; };
		07E91D36207A0FF90080F1D4 /* Info.plist */ = {isa = PBXFileReference; lastKnownFileType = text.plist.xml; path = Info.plist; sourceTree = "<group>"; };
		07F28E70207A2981007A1EAD /* PageViewController.swift */ = {isa = PBXFileReference; lastKnownFileType = sourcecode.swift; path = PageViewController.swift; sourceTree = "<group>"; };
		07F28E72207A43EE007A1EAD /* ReadingsViewController.swift */ = {isa = PBXFileReference; lastKnownFileType = sourcecode.swift; path = ReadingsViewController.swift; sourceTree = "<group>"; };
		07F28E74207A546B007A1EAD /* ReadingsTableViewCell.swift */ = {isa = PBXFileReference; lastKnownFileType = sourcecode.swift; path = ReadingsTableViewCell.swift; sourceTree = "<group>"; };
		07F28E76207A6978007A1EAD /* StatViewController.swift */ = {isa = PBXFileReference; lastKnownFileType = sourcecode.swift; path = StatViewController.swift; sourceTree = "<group>"; };
		07F28E78207A6DE6007A1EAD /* GoogleService-Info.plist */ = {isa = PBXFileReference; fileEncoding = 4; lastKnownFileType = text.plist.xml; path = "GoogleService-Info.plist"; sourceTree = SOURCE_ROOT; };
		B88115F035F2C80337BD5C78 /* Pods-Roots.debug.xcconfig */ = {isa = PBXFileReference; includeInIndex = 1; lastKnownFileType = text.xcconfig; name = "Pods-Roots.debug.xcconfig"; path = "Pods/Target Support Files/Pods-Roots/Pods-Roots.debug.xcconfig"; sourceTree = "<group>"; };
		C9B8C32795E29C85256114B4 /* Pods_Roots.framework */ = {isa = PBXFileReference; explicitFileType = wrapper.framework; includeInIndex = 0; path = Pods_Roots.framework; sourceTree = BUILT_PRODUCTS_DIR; };
		D5FE16B0BCF0AC9CC66B6A3F /* Pods-Roots.release.xcconfig */ = {isa = PBXFileReference; includeInIndex = 1; lastKnownFileType = text.xcconfig; name = "Pods-Roots.release.xcconfig"; path = "Pods/Target Support Files/Pods-Roots/Pods-Roots.release.xcconfig"; sourceTree = "<group>"; };
/* End PBXFileReference section */

/* Begin PBXFrameworksBuildPhase section */
		07E91D24207A0FF90080F1D4 /* Frameworks */ = {
			isa = PBXFrameworksBuildPhase;
			buildActionMask = 2147483647;
			files = (
				6C3E89E546A5A21C1D10EDF9 /* Pods_Roots.framework in Frameworks */,
			);
			runOnlyForDeploymentPostprocessing = 0;
		};
/* End PBXFrameworksBuildPhase section */

/* Begin PBXGroup section */
		07E91D1E207A0FF90080F1D4 = {
			isa = PBXGroup;
			children = (
				07E91D29207A0FF90080F1D4 /* Roots */,
				07E91D28207A0FF90080F1D4 /* Products */,
				15CDB728652DCC786E849BFB /* Pods */,
				3E10CB6EFEC72D24B082D023 /* Frameworks */,
			);
			sourceTree = "<group>";
		};
		07E91D28207A0FF90080F1D4 /* Products */ = {
			isa = PBXGroup;
			children = (
				07E91D27207A0FF90080F1D4 /* Roots.app */,
			);
			name = Products;
			sourceTree = "<group>";
		};
		07E91D29207A0FF90080F1D4 /* Roots */ = {
			isa = PBXGroup;
			children = (
				07F28E78207A6DE6007A1EAD /* GoogleService-Info.plist */,
				07E91D2A207A0FF90080F1D4 /* AppDelegate.swift */,
				074488F6207A239800D84222 /* ButtonCollectionViewCell.swift */,
				07E91D2C207A0FF90080F1D4 /* ViewController.swift */,
				07F28E70207A2981007A1EAD /* PageViewController.swift */,
				07F28E72207A43EE007A1EAD /* ReadingsViewController.swift */,
				07F28E74207A546B007A1EAD /* ReadingsTableViewCell.swift */,
				07E91D2E207A0FF90080F1D4 /* Main.storyboard */,
				07E91D31207A0FF90080F1D4 /* Assets.xcassets */,
				07E91D33207A0FF90080F1D4 /* LaunchScreen.storyboard */,
				07E91D36207A0FF90080F1D4 /* Info.plist */,
				07F28E76207A6978007A1EAD /* StatViewController.swift */,
			);
			path = Roots;
			sourceTree = "<group>";
		};
		15CDB728652DCC786E849BFB /* Pods */ = {
			isa = PBXGroup;
			children = (
				B88115F035F2C80337BD5C78 /* Pods-Roots.debug.xcconfig */,
				D5FE16B0BCF0AC9CC66B6A3F /* Pods-Roots.release.xcconfig */,
			);
			name = Pods;
			sourceTree = "<group>";
		};
		3E10CB6EFEC72D24B082D023 /* Frameworks */ = {
			isa = PBXGroup;
			children = (
				C9B8C32795E29C85256114B4 /* Pods_Roots.framework */,
			);
			name = Frameworks;
			sourceTree = "<group>";
		};
/* End PBXGroup section */

/* Begin PBXNativeTarget section */
		07E91D26207A0FF90080F1D4 /* Roots */ = {
			isa = PBXNativeTarget;
			buildConfigurationList = 07E91D39207A0FF90080F1D4 /* Build configuration list for PBXNativeTarget "Roots" */;
			buildPhases = (
				C2CA467FD677D0C266C61653 /* [CP] Check Pods Manifest.lock */,
				07E91D23207A0FF90080F1D4 /* Sources */,
				07E91D24207A0FF90080F1D4 /* Frameworks */,
				07E91D25207A0FF90080F1D4 /* Resources */,
				BC4DFDA954BD5DF4696BEE07 /* [CP] Embed Pods Frameworks */,
				BF0A941930D536E05E2917D5 /* [CP] Copy Pods Resources */,
			);
			buildRules = (
			);
			dependencies = (
			);
			name = Roots;
			productName = Roots;
			productReference = 07E91D27207A0FF90080F1D4 /* Roots.app */;
			productType = "com.apple.product-type.application";
		};
/* End PBXNativeTarget section */

/* Begin PBXProject section */
		07E91D1F207A0FF90080F1D4 /* Project object */ = {
			isa = PBXProject;
			attributes = {
				LastSwiftUpdateCheck = 0920;
				LastUpgradeCheck = 0920;
				ORGANIZATIONNAME = "Mustafa Yusuf";
				TargetAttributes = {
					07E91D26207A0FF90080F1D4 = {
						CreatedOnToolsVersion = 9.2;
						ProvisioningStyle = Automatic;
					};
				};
			};
			buildConfigurationList = 07E91D22207A0FF90080F1D4 /* Build configuration list for PBXProject "Roots" */;
			compatibilityVersion = "Xcode 8.0";
			developmentRegion = en;
			hasScannedForEncodings = 0;
			knownRegions = (
				en,
				Base,
			);
			mainGroup = 07E91D1E207A0FF90080F1D4;
			productRefGroup = 07E91D28207A0FF90080F1D4 /* Products */;
			projectDirPath = "";
			projectRoot = "";
			targets = (
				07E91D26207A0FF90080F1D4 /* Roots */,
			);
		};
/* End PBXProject section */

/* Begin PBXResourcesBuildPhase section */
		07E91D25207A0FF90080F1D4 /* Resources */ = {
			isa = PBXResourcesBuildPhase;
			buildActionMask = 2147483647;
			files = (
				07E91D35207A0FF90080F1D4 /* LaunchScreen.storyboard in Resources */,
				07F28E79207A6DE7007A1EAD /* GoogleService-Info.plist in Resources */,
				07E91D32207A0FF90080F1D4 /* Assets.xcassets in Resources */,
				07E91D30207A0FF90080F1D4 /* Main.storyboard in Resources */,
			);
			runOnlyForDeploymentPostprocessing = 0;
		};
/* End PBXResourcesBuildPhase section */

/* Begin PBXShellScriptBuildPhase section */
		BC4DFDA954BD5DF4696BEE07 /* [CP] Embed Pods Frameworks */ = {
			isa = PBXShellScriptBuildPhase;
			buildActionMask = 2147483647;
			files = (
			);
			inputPaths = (
				"${SRCROOT}/Pods/Target Support Files/Pods-Roots/Pods-Roots-frameworks.sh",
				"${BUILT_PRODUCTS_DIR}/GoogleToolboxForMac/GoogleToolboxForMac.framework",
				"${BUILT_PRODUCTS_DIR}/SnapKit/SnapKit.framework",
				"${BUILT_PRODUCTS_DIR}/leveldb-library/leveldb.framework",
				"${BUILT_PRODUCTS_DIR}/nanopb/nanopb.framework",
			);
			name = "[CP] Embed Pods Frameworks";
			outputPaths = (
				"${TARGET_BUILD_DIR}/${FRAMEWORKS_FOLDER_PATH}/GoogleToolboxForMac.framework",
				"${TARGET_BUILD_DIR}/${FRAMEWORKS_FOLDER_PATH}/SnapKit.framework",
				"${TARGET_BUILD_DIR}/${FRAMEWORKS_FOLDER_PATH}/leveldb.framework",
				"${TARGET_BUILD_DIR}/${FRAMEWORKS_FOLDER_PATH}/nanopb.framework",
			);
			runOnlyForDeploymentPostprocessing = 0;
			shellPath = /bin/sh;
			shellScript = "\"${SRCROOT}/Pods/Target Support Files/Pods-Roots/Pods-Roots-frameworks.sh\"\n";
			showEnvVarsInLog = 0;
		};
		BF0A941930D536E05E2917D5 /* [CP] Copy Pods Resources */ = {
			isa = PBXShellScriptBuildPhase;
			buildActionMask = 2147483647;
			files = (
			);
			inputPaths = (
			);
			name = "[CP] Copy Pods Resources";
			outputPaths = (
			);
			runOnlyForDeploymentPostprocessing = 0;
			shellPath = /bin/sh;
			shellScript = "\"${SRCROOT}/Pods/Target Support Files/Pods-Roots/Pods-Roots-resources.sh\"\n";
			showEnvVarsInLog = 0;
		};
		C2CA467FD677D0C266C61653 /* [CP] Check Pods Manifest.lock */ = {
			isa = PBXShellScriptBuildPhase;
			buildActionMask = 2147483647;
			files = (
			);
			inputPaths = (
				"${PODS_PODFILE_DIR_PATH}/Podfile.lock",
				"${PODS_ROOT}/Manifest.lock",
			);
			name = "[CP] Check Pods Manifest.lock";
			outputPaths = (
				"$(DERIVED_FILE_DIR)/Pods-Roots-checkManifestLockResult.txt",
			);
			runOnlyForDeploymentPostprocessing = 0;
			shellPath = /bin/sh;
			shellScript = "diff \"${PODS_PODFILE_DIR_PATH}/Podfile.lock\" \"${PODS_ROOT}/Manifest.lock\" > /dev/null\nif [ $? != 0 ] ; then\n    # print error to STDERR\n    echo \"error: The sandbox is not in sync with the Podfile.lock. Run 'pod install' or update your CocoaPods installation.\" >&2\n    exit 1\nfi\n# This output is used by Xcode 'outputs' to avoid re-running this script phase.\necho \"SUCCESS\" > \"${SCRIPT_OUTPUT_FILE_0}\"\n";
			showEnvVarsInLog = 0;
		};
/* End PBXShellScriptBuildPhase section */

/* Begin PBXSourcesBuildPhase section */
		07E91D23207A0FF90080F1D4 /* Sources */ = {
			isa = PBXSourcesBuildPhase;
			buildActionMask = 2147483647;
			files = (
				07E91D2D207A0FF90080F1D4 /* ViewController.swift in Sources */,
				074488F7207A239800D84222 /* ButtonCollectionViewCell.swift in Sources */,
				07F28E77207A6978007A1EAD /* StatViewController.swift in Sources */,
				07F28E75207A546B007A1EAD /* ReadingsTableViewCell.swift in Sources */,
				07E91D2B207A0FF90080F1D4 /* AppDelegate.swift in Sources */,
				07F28E71207A2981007A1EAD /* PageViewController.swift in Sources */,
				07F28E73207A43EE007A1EAD /* ReadingsViewController.swift in Sources */,
			);
			runOnlyForDeploymentPostprocessing = 0;
		};
/* End PBXSourcesBuildPhase section */

/* Begin PBXVariantGroup section */
		07E91D2E207A0FF90080F1D4 /* Main.storyboard */ = {
			isa = PBXVariantGroup;
			children = (
				07E91D2F207A0FF90080F1D4 /* Base */,
			);
			name = Main.storyboard;
			sourceTree = "<group>";
		};
		07E91D33207A0FF90080F1D4 /* LaunchScreen.storyboard */ = {
			isa = PBXVariantGroup;
			children = (
				07E91D34207A0FF90080F1D4 /* Base */,
			);
			name = LaunchScreen.storyboard;
			sourceTree = "<group>";
		};
/* End PBXVariantGroup section */

/* Begin XCBuildConfiguration section */
		07E91D37207A0FF90080F1D4 /* Debug */ = {
			isa = XCBuildConfiguration;
			buildSettings = {
				ALWAYS_SEARCH_USER_PATHS = NO;
				CLANG_ANALYZER_NONNULL = YES;
				CLANG_ANALYZER_NUMBER_OBJECT_CONVERSION = YES_AGGRESSIVE;
				CLANG_CXX_LANGUAGE_STANDARD = "gnu++14";
				CLANG_CXX_LIBRARY = "libc++";
				CLANG_ENABLE_MODULES = YES;
				CLANG_ENABLE_OBJC_ARC = YES;
				CLANG_WARN_BLOCK_CAPTURE_AUTORELEASING = YES;
				CLANG_WARN_BOOL_CONVERSION = YES;
				CLANG_WARN_COMMA = YES;
				CLANG_WARN_CONSTANT_CONVERSION = YES;
				CLANG_WARN_DIRECT_OBJC_ISA_USAGE = YES_ERROR;
				CLANG_WARN_DOCUMENTATION_COMMENTS = YES;
				CLANG_WARN_EMPTY_BODY = YES;
				CLANG_WARN_ENUM_CONVERSION = YES;
				CLANG_WARN_INFINITE_RECURSION = YES;
				CLANG_WARN_INT_CONVERSION = YES;
				CLANG_WARN_NON_LITERAL_NULL_CONVERSION = YES;
				CLANG_WARN_OBJC_LITERAL_CONVERSION = YES;
				CLANG_WARN_OBJC_ROOT_CLASS = YES_ERROR;
				CLANG_WARN_RANGE_LOOP_ANALYSIS = YES;
				CLANG_WARN_STRICT_PROTOTYPES = YES;
				CLANG_WARN_SUSPICIOUS_MOVE = YES;
				CLANG_WARN_UNGUARDED_AVAILABILITY = YES_AGGRESSIVE;
				CLANG_WARN_UNREACHABLE_CODE = YES;
				CLANG_WARN__DUPLICATE_METHOD_MATCH = YES;
				CODE_SIGN_IDENTITY = "iPhone Developer";
				COPY_PHASE_STRIP = NO;
				DEBUG_INFORMATION_FORMAT = dwarf;
				ENABLE_STRICT_OBJC_MSGSEND = YES;
				ENABLE_TESTABILITY = YES;
				GCC_C_LANGUAGE_STANDARD = gnu11;
				GCC_DYNAMIC_NO_PIC = NO;
				GCC_NO_COMMON_BLOCKS = YES;
				GCC_OPTIMIZATION_LEVEL = 0;
				GCC_PREPROCESSOR_DEFINITIONS = (
					"DEBUG=1",
					"$(inherited)",
				);
				GCC_WARN_64_TO_32_BIT_CONVERSION = YES;
				GCC_WARN_ABOUT_RETURN_TYPE = YES_ERROR;
				GCC_WARN_UNDECLARED_SELECTOR = YES;
				GCC_WARN_UNINITIALIZED_AUTOS = YES_AGGRESSIVE;
				GCC_WARN_UNUSED_FUNCTION = YES;
				GCC_WARN_UNUSED_VARIABLE = YES;
				IPHONEOS_DEPLOYMENT_TARGET = 11.2;
				MTL_ENABLE_DEBUG_INFO = YES;
				ONLY_ACTIVE_ARCH = YES;
				SDKROOT = iphoneos;
				SWIFT_ACTIVE_COMPILATION_CONDITIONS = DEBUG;
				SWIFT_OPTIMIZATION_LEVEL = "-Onone";
			};
			name = Debug;
		};
		07E91D38207A0FF90080F1D4 /* Release */ = {
			isa = XCBuildConfiguration;
			buildSettings = {
				ALWAYS_SEARCH_USER_PATHS = NO;
				CLANG_ANALYZER_NONNULL = YES;
				CLANG_ANALYZER_NUMBER_OBJECT_CONVERSION = YES_AGGRESSIVE;
				CLANG_CXX_LANGUAGE_STANDARD = "gnu++14";
				CLANG_CXX_LIBRARY = "libc++";
				CLANG_ENABLE_MODULES = YES;
				CLANG_ENABLE_OBJC_ARC = YES;
				CLANG_WARN_BLOCK_CAPTURE_AUTORELEASING = YES;
				CLANG_WARN_BOOL_CONVERSION = YES;
				CLANG_WARN_COMMA = YES;
				CLANG_WARN_CONSTANT_CONVERSION = YES;
				CLANG_WARN_DIRECT_OBJC_ISA_USAGE = YES_ERROR;
				CLANG_WARN_DOCUMENTATION_COMMENTS = YES;
				CLANG_WARN_EMPTY_BODY = YES;
				CLANG_WARN_ENUM_CONVERSION = YES;
				CLANG_WARN_INFINITE_RECURSION = YES;
				CLANG_WARN_INT_CONVERSION = YES;
				CLANG_WARN_NON_LITERAL_NULL_CONVERSION = YES;
				CLANG_WARN_OBJC_LITERAL_CONVERSION = YES;
				CLANG_WARN_OBJC_ROOT_CLASS = YES_ERROR;
				CLANG_WARN_RANGE_LOOP_ANALYSIS = YES;
				CLANG_WARN_STRICT_PROTOTYPES = YES;
				CLANG_WARN_SUSPICIOUS_MOVE = YES;
				CLANG_WARN_UNGUARDED_AVAILABILITY = YES_AGGRESSIVE;
				CLANG_WARN_UNREACHABLE_CODE = YES;
				CLANG_WARN__DUPLICATE_METHOD_MATCH = YES;
				CODE_SIGN_IDENTITY = "iPhone Developer";
				COPY_PHASE_STRIP = NO;
				DEBUG_INFORMATION_FORMAT = "dwarf-with-dsym";
				ENABLE_NS_ASSERTIONS = NO;
				ENABLE_STRICT_OBJC_MSGSEND = YES;
				GCC_C_LANGUAGE_STANDARD = gnu11;
				GCC_NO_COMMON_BLOCKS = YES;
				GCC_WARN_64_TO_32_BIT_CONVERSION = YES;
				GCC_WARN_ABOUT_RETURN_TYPE = YES_ERROR;
				GCC_WARN_UNDECLARED_SELECTOR = YES;
				GCC_WARN_UNINITIALIZED_AUTOS = YES_AGGRESSIVE;
				GCC_WARN_UNUSED_FUNCTION = YES;
				GCC_WARN_UNUSED_VARIABLE = YES;
				IPHONEOS_DEPLOYMENT_TARGET = 11.2;
				MTL_ENABLE_DEBUG_INFO = NO;
				SDKROOT = iphoneos;
				SWIFT_OPTIMIZATION_LEVEL = "-Owholemodule";
				VALIDATE_PRODUCT = YES;
			};
			name = Release;
		};
		07E91D3A207A0FF90080F1D4 /* Debug */ = {
			isa = XCBuildConfiguration;
			baseConfigurationReference = B88115F035F2C80337BD5C78 /* Pods-Roots.debug.xcconfig */;
			buildSettings = {
				ASSETCATALOG_COMPILER_APPICON_NAME = AppIcon;
				CODE_SIGN_STYLE = Automatic;
				DEVELOPMENT_TEAM = 6B89WP5H2R;
				INFOPLIST_FILE = Roots/Info.plist;
				LD_RUNPATH_SEARCH_PATHS = "$(inherited) @executable_path/Frameworks";
				PRODUCT_BUNDLE_IDENTIFIER = com.MYC.Roots;
				PRODUCT_NAME = "$(TARGET_NAME)";
				SWIFT_VERSION = 4.0;
				TARGETED_DEVICE_FAMILY = "1,2";
			};
			name = Debug;
		};
		07E91D3B207A0FF90080F1D4 /* Release */ = {
			isa = XCBuildConfiguration;
			baseConfigurationReference = D5FE16B0BCF0AC9CC66B6A3F /* Pods-Roots.release.xcconfig */;
			buildSettings = {
				ASSETCATALOG_COMPILER_APPICON_NAME = AppIcon;
				CODE_SIGN_STYLE = Automatic;
				DEVELOPMENT_TEAM = 6B89WP5H2R;
				INFOPLIST_FILE = Roots/Info.plist;
				LD_RUNPATH_SEARCH_PATHS = "$(inherited) @executable_path/Frameworks";
				PRODUCT_BUNDLE_IDENTIFIER = com.MYC.Roots;
				PRODUCT_NAME = "$(TARGET_NAME)";
				SWIFT_VERSION = 4.0;
				TARGETED_DEVICE_FAMILY = "1,2";
			};
			name = Release;
		};
/* End XCBuildConfiguration section */

/* Begin XCConfigurationList section */
		07E91D22207A0FF90080F1D4 /* Build configuration list for PBXProject "Roots" */ = {
			isa = XCConfigurationList;
			buildConfigurations = (
				07E91D37207A0FF90080F1D4 /* Debug */,
				07E91D38207A0FF90080F1D4 /* Release */,
			);
			defaultConfigurationIsVisible = 0;
			defaultConfigurationName = Release;
		};
		07E91D39207A0FF90080F1D4 /* Build configuration list for PBXNativeTarget "Roots" */ = {
			isa = XCConfigurationList;
			buildConfigurations = (
				07E91D3A207A0FF90080F1D4 /* Debug */,
				07E91D3B207A0FF90080F1D4 /* Release */,
			);
			defaultConfigurationIsVisible = 0;
			defaultConfigurationName = Release;
		};
/* End XCConfigurationList section */
	};
	rootObject = 07E91D1F207A0FF90080F1D4 /* Project object */;
}
